
Microsoft Visual Studio Solution File, Format Version 12.00
# Visual Studio 15
VisualStudioVersion = 15.0.27004.2009
MinimumVisualStudioVersion = 10.0.40219.1
Project("{FAE04EC0-301F-11D3-BF4B-00C04F79EFBC}") = "ChatProject", "WpfApp1\ChatProject.csproj", "{08F9568A-022C-483B-BFB8-F8E55DDFD40A}"
EndProject
Project("{FAE04EC0-301F-11D3-BF4B-00C04F79EFBC}") = "Tools", "Tools\Tools.csproj", "{E41A9A7D-6CF5-4540-BB1F-F8356BAC16B5}"
EndProject
Project("{FAE04EC0-301F-11D3-BF4B-00C04F79EFBC}") = "Shared", "Shared\Shared.csproj", "{F4E2D02F-6E56-4153-9211-A9DA8E465511}"
EndProject
Global
	GlobalSection(SolutionConfigurationPlatforms) = preSolution
		Debug|Any CPU = Debug|Any CPU
		Release|Any CPU = Release|Any CPU
	EndGlobalSection
	GlobalSection(ProjectConfigurationPlatforms) = postSolution
		{08F9568A-022C-483B-BFB8-F8E55DDFD40A}.Debug|Any CPU.ActiveCfg = Debug|Any CPU
		{08F9568A-022C-483B-BFB8-F8E55DDFD40A}.Debug|Any CPU.Build.0 = Debug|Any CPU
		{08F9568A-022C-483B-BFB8-F8E55DDFD40A}.Release|Any CPU.ActiveCfg = Release|Any CPU
		{08F9568A-022C-483B-BFB8-F8E55DDFD40A}.Release|Any CPU.Build.0 = Release|Any CPU
		{E41A9A7D-6CF5-4540-BB1F-F8356BAC16B5}.Debug|Any CPU.ActiveCfg = Debug|Any CPU
		{E41A9A7D-6CF5-4540-BB1F-F8356BAC16B5}.Debug|Any CPU.Build.0 = Debug|Any CPU
		{E41A9A7D-6CF5-4540-BB1F-F8356BAC16B5}.Release|Any CPU.ActiveCfg = Release|Any CPU
		{E41A9A7D-6CF5-4540-BB1F-F8356BAC16B5}.Release|Any CPU.Build.0 = Release|Any CPU
		{F4E2D02F-6E56-4153-9211-A9DA8E465511}.Debug|Any CPU.ActiveCfg = Debug|Any CPU
		{F4E2D02F-6E56-4153-9211-A9DA8E465511}.Debug|Any CPU.Build.0 = Debug|Any CPU
		{F4E2D02F-6E56-4153-9211-A9DA8E465511}.Release|Any CPU.ActiveCfg = Release|Any CPU
		{F4E2D02F-6E56-4153-9211-A9DA8E465511}.Release|Any CPU.Build.0 = Release|Any CPU
	EndGlobalSection
	GlobalSection(SolutionProperties) = preSolution
		HideSolutionNode = FALSE
	EndGlobalSection
	GlobalSection(ExtensibilityGlobals) = postSolution
		SolutionGuid = {882891CF-0C22-4C30-856A-89ACAF77C753}
	EndGlobalSection
EndGlobal
